
Microsoft Visual Studio Solution File, Format Version 12.00
# Visual Studio 15
VisualStudioVersion = 15.0.28010.2050
MinimumVisualStudioVersion = 10.0.40219.1
Project("{9A19103F-16F7-4668-BE54-9A1E7A4F7556}") = "src\Axm.Apollo.Testing", "src\Axm.Apollo.Testing\Axm.Apollo.Testing.csproj", "{CF536416-E1FF-4514-A05C-1473BBAF51C9}"
EndProject
Project("{2150E333-8FDC-42A3-9474-1A3956D46DE8}") = "Samples", "Samples", "{6CBB271F-3ED4-49D8-BAD9-049DAA95CD05}"
EndProject
Global
	GlobalSection(SolutionConfigurationPlatforms) = preSolution
		Debug|Any CPU = Debug|Any CPU
		Release|Any CPU = Release|Any CPU
	EndGlobalSection
	GlobalSection(ProjectConfigurationPlatforms) = postSolution
		{CF536416-E1FF-4514-A05C-1473BBAF51C9}.Debug|Any CPU.ActiveCfg = Debug|Any CPU
		{CF536416-E1FF-4514-A05C-1473BBAF51C9}.Debug|Any CPU.Build.0 = Debug|Any CPU
		{CF536416-E1FF-4514-A05C-1473BBAF51C9}.Release|Any CPU.ActiveCfg = Release|Any CPU
		{CF536416-E1FF-4514-A05C-1473BBAF51C9}.Release|Any CPU.Build.0 = Release|Any CPU
	EndGlobalSection
	GlobalSection(SolutionProperties) = preSolution
		HideSolutionNode = FALSE
	EndGlobalSection
	GlobalSection(ExtensibilityGlobals) = postSolution
		SolutionGuid = {2E515B42-C81A-4C65-9DC9-E93E39ACCA23}
	EndGlobalSection
EndGlobal
